// !$*UTF8*$!
{
	archiveVersion = 1;
	classes = {
	};
	objectVersion = 51;
	objects = {

/* Begin PBXBuildFile section */
		4207544624311B3800C233E7 /* AppDelegate.swift in Sources */ = {isa = PBXBuildFile; fileRef = 4207544524311B3800C233E7 /* AppDelegate.swift */; };
		4207544824311B3800C233E7 /* SceneDelegate.swift in Sources */ = {isa = PBXBuildFile; fileRef = 4207544724311B3800C233E7 /* SceneDelegate.swift */; };
		4207544D24311B3800C233E7 /* Main.storyboard in Resources */ = {isa = PBXBuildFile; fileRef = 4207544B24311B3800C233E7 /* Main.storyboard */; };
		4207544F24311B4100C233E7 /* Assets.xcassets in Resources */ = {isa = PBXBuildFile; fileRef = 4207544E24311B4100C233E7 /* Assets.xcassets */; };
		4207545224311B4100C233E7 /* LaunchScreen.storyboard in Resources */ = {isa = PBXBuildFile; fileRef = 4207545024311B4100C233E7 /* LaunchScreen.storyboard */; };
		4207545D24311B4100C233E7 /* InterprioTests.swift in Sources */ = {isa = PBXBuildFile; fileRef = 4207545C24311B4100C233E7 /* InterprioTests.swift */; };
		4207546824311B4100C233E7 /* InterprioUITests.swift in Sources */ = {isa = PBXBuildFile; fileRef = 4207546724311B4100C233E7 /* InterprioUITests.swift */; };
		42453DD524323E680047CC19 /* LoginViewController.swift in Sources */ = {isa = PBXBuildFile; fileRef = 42453DD424323E680047CC19 /* LoginViewController.swift */; };
		42453DD724323E860047CC19 /* FeedViewController.swift in Sources */ = {isa = PBXBuildFile; fileRef = 42453DD624323E860047CC19 /* FeedViewController.swift */; };
		427747702436D0BA00B3D232 /* RegisterViewController.swift in Sources */ = {isa = PBXBuildFile; fileRef = 4277476F2436D0BA00B3D232 /* RegisterViewController.swift */; };
		427747722436D82700B3D232 /* BookCreateViewController.swift in Sources */ = {isa = PBXBuildFile; fileRef = 427747712436D82700B3D232 /* BookCreateViewController.swift */; };
		427747742436DE9A00B3D232 /* ProfileViewController.swift in Sources */ = {isa = PBXBuildFile; fileRef = 427747732436DE9A00B3D232 /* ProfileViewController.swift */; };
		427747762436E64900B3D232 /* BookViewController.swift in Sources */ = {isa = PBXBuildFile; fileRef = 427747752436E64900B3D232 /* BookViewController.swift */; };
		427747782436E83200B3D232 /* PageCreateViewController.swift in Sources */ = {isa = PBXBuildFile; fileRef = 427747772436E83200B3D232 /* PageCreateViewController.swift */; };
		42D204D424399226002CDA54 /* BookCollectionViewCell.swift in Sources */ = {isa = PBXBuildFile; fileRef = 42D204D324399226002CDA54 /* BookCollectionViewCell.swift */; };
		42FAF8922444C25E00382653 /* Pods_Interprio.framework in Embed Frameworks */ = {isa = PBXBuildFile; fileRef = C15CA704AEAD242BC50E6741 /* Pods_Interprio.framework */; settings = {ATTRIBUTES = (CodeSignOnCopy, RemoveHeadersOnCopy, ); }; };
		B60A1811C67381139BAFD76F /* Pods_InterprioTests.framework in Frameworks */ = {isa = PBXBuildFile; fileRef = 6BB390D13FD02306B32486CE /* Pods_InterprioTests.framework */; };
		E1C7EAB1AC428A005120E1EB /* Pods_Interprio.framework in Frameworks */ = {isa = PBXBuildFile; fileRef = D03E7B7F5D0B88A3DC673C22 /* Pods_Interprio.framework */; };
		F77ED374BEBB4EF076253390 /* Pods_Interprio_InterprioUITests.framework in Frameworks */ = {isa = PBXBuildFile; fileRef = B6C6BC9FAED49997E17348CC /* Pods_Interprio_InterprioUITests.framework */; };
/* End PBXBuildFile section */

/* Begin PBXContainerItemProxy section */
		4207545924311B4100C233E7 /* PBXContainerItemProxy */ = {
			isa = PBXContainerItemProxy;
			containerPortal = 4207543A24311B3700C233E7 /* Project object */;
			proxyType = 1;
			remoteGlobalIDString = 4207544124311B3700C233E7;
			remoteInfo = Interprio;
		};
		4207546424311B4100C233E7 /* PBXContainerItemProxy */ = {
			isa = PBXContainerItemProxy;
			containerPortal = 4207543A24311B3700C233E7 /* Project object */;
			proxyType = 1;
			remoteGlobalIDString = 4207544124311B3700C233E7;
			remoteInfo = Interprio;
		};
/* End PBXContainerItemProxy section */

/* Begin PBXCopyFilesBuildPhase section */
		42FAF8932444C25F00382653 /* Embed Frameworks */ = {
			isa = PBXCopyFilesBuildPhase;
			buildActionMask = 2147483647;
			dstPath = "";
			dstSubfolderSpec = 10;
			files = (
				42FAF8922444C25E00382653 /* Pods_Interprio.framework in Embed Frameworks */,
			);
			name = "Embed Frameworks";
			runOnlyForDeploymentPostprocessing = 0;
		};
/* End PBXCopyFilesBuildPhase section */

/* Begin PBXFileReference section */
		4207544224311B3800C233E7 /* Interprio.app */ = {isa = PBXFileReference; explicitFileType = wrapper.application; includeInIndex = 0; path = Interprio.app; sourceTree = BUILT_PRODUCTS_DIR; };
		4207544524311B3800C233E7 /* AppDelegate.swift */ = {isa = PBXFileReference; lastKnownFileType = sourcecode.swift; path = AppDelegate.swift; sourceTree = "<group>"; };
		4207544724311B3800C233E7 /* SceneDelegate.swift */ = {isa = PBXFileReference; lastKnownFileType = sourcecode.swift; path = SceneDelegate.swift; sourceTree = "<group>"; };
		4207544C24311B3800C233E7 /* Base */ = {isa = PBXFileReference; lastKnownFileType = file.storyboard; name = Base; path = Base.lproj/Main.storyboard; sourceTree = "<group>"; };
		4207544E24311B4100C233E7 /* Assets.xcassets */ = {isa = PBXFileReference; lastKnownFileType = folder.assetcatalog; path = Assets.xcassets; sourceTree = "<group>"; };
		4207545124311B4100C233E7 /* Base */ = {isa = PBXFileReference; lastKnownFileType = file.storyboard; name = Base; path = Base.lproj/LaunchScreen.storyboard; sourceTree = "<group>"; };
		4207545324311B4100C233E7 /* Info.plist */ = {isa = PBXFileReference; lastKnownFileType = text.plist.xml; path = Info.plist; sourceTree = "<group>"; };
		4207545824311B4100C233E7 /* InterprioTests.xctest */ = {isa = PBXFileReference; explicitFileType = wrapper.cfbundle; includeInIndex = 0; path = InterprioTests.xctest; sourceTree = BUILT_PRODUCTS_DIR; };
		4207545C24311B4100C233E7 /* InterprioTests.swift */ = {isa = PBXFileReference; lastKnownFileType = sourcecode.swift; path = InterprioTests.swift; sourceTree = "<group>"; };
		4207545E24311B4100C233E7 /* Info.plist */ = {isa = PBXFileReference; lastKnownFileType = text.plist.xml; path = Info.plist; sourceTree = "<group>"; };
		4207546324311B4100C233E7 /* InterprioUITests.xctest */ = {isa = PBXFileReference; explicitFileType = wrapper.cfbundle; includeInIndex = 0; path = InterprioUITests.xctest; sourceTree = BUILT_PRODUCTS_DIR; };
		4207546724311B4100C233E7 /* InterprioUITests.swift */ = {isa = PBXFileReference; lastKnownFileType = sourcecode.swift; path = InterprioUITests.swift; sourceTree = "<group>"; };
		4207546924311B4100C233E7 /* Info.plist */ = {isa = PBXFileReference; lastKnownFileType = text.plist.xml; path = Info.plist; sourceTree = "<group>"; };
		42453DD424323E680047CC19 /* LoginViewController.swift */ = {isa = PBXFileReference; lastKnownFileType = sourcecode.swift; path = LoginViewController.swift; sourceTree = "<group>"; };
		42453DD624323E860047CC19 /* FeedViewController.swift */ = {isa = PBXFileReference; lastKnownFileType = sourcecode.swift; path = FeedViewController.swift; sourceTree = "<group>"; };
		4277476F2436D0BA00B3D232 /* RegisterViewController.swift */ = {isa = PBXFileReference; lastKnownFileType = sourcecode.swift; path = RegisterViewController.swift; sourceTree = "<group>"; };
		427747712436D82700B3D232 /* BookCreateViewController.swift */ = {isa = PBXFileReference; lastKnownFileType = sourcecode.swift; path = BookCreateViewController.swift; sourceTree = "<group>"; };
		427747732436DE9A00B3D232 /* ProfileViewController.swift */ = {isa = PBXFileReference; lastKnownFileType = sourcecode.swift; path = ProfileViewController.swift; sourceTree = "<group>"; };
		427747752436E64900B3D232 /* BookViewController.swift */ = {isa = PBXFileReference; lastKnownFileType = sourcecode.swift; path = BookViewController.swift; sourceTree = "<group>"; };
		427747772436E83200B3D232 /* PageCreateViewController.swift */ = {isa = PBXFileReference; lastKnownFileType = sourcecode.swift; path = PageCreateViewController.swift; sourceTree = "<group>"; };
		428E8D1724496B6A004B92F4 /* Alamofire.framework */ = {isa = PBXFileReference; explicitFileType = wrapper.framework; path = Alamofire.framework; sourceTree = BUILT_PRODUCTS_DIR; };
		428E8D1B24496BAE004B92F4 /* Alamofire.framework */ = {isa = PBXFileReference; explicitFileType = wrapper.framework; path = Alamofire.framework; sourceTree = BUILT_PRODUCTS_DIR; };
		42D204D324399226002CDA54 /* BookCollectionViewCell.swift */ = {isa = PBXFileReference; lastKnownFileType = sourcecode.swift; path = BookCollectionViewCell.swift; sourceTree = "<group>"; };
		42FAF8992444C36600382653 /* Alamofire.framework */ = {isa = PBXFileReference; explicitFileType = wrapper.framework; path = Alamofire.framework; sourceTree = BUILT_PRODUCTS_DIR; };
		42FAF89C2444C36B00382653 /* AlamofireImage.framework */ = {isa = PBXFileReference; explicitFileType = wrapper.framework; path = AlamofireImage.framework; sourceTree = BUILT_PRODUCTS_DIR; };
		51DA2BF4998E948DA5BD731F /* Pods-Interprio-InterprioUITests.debug.xcconfig */ = {isa = PBXFileReference; includeInIndex = 1; lastKnownFileType = text.xcconfig; name = "Pods-Interprio-InterprioUITests.debug.xcconfig"; path = "Target Support Files/Pods-Interprio-InterprioUITests/Pods-Interprio-InterprioUITests.debug.xcconfig"; sourceTree = "<group>"; };
		5ECEEA6FE1CEE1316ABE3BD9 /* Pods-InterprioTests.release.xcconfig */ = {isa = PBXFileReference; includeInIndex = 1; lastKnownFileType = text.xcconfig; name = "Pods-InterprioTests.release.xcconfig"; path = "Target Support Files/Pods-InterprioTests/Pods-InterprioTests.release.xcconfig"; sourceTree = "<group>"; };
		5F656EA7D6790014F738D0F5 /* Pods-Interprio.debug.xcconfig */ = {isa = PBXFileReference; includeInIndex = 1; lastKnownFileType = text.xcconfig; name = "Pods-Interprio.debug.xcconfig"; path = "Target Support Files/Pods-Interprio/Pods-Interprio.debug.xcconfig"; sourceTree = "<group>"; };
		654B9B56F86739C1132A93E3 /* Pods-InterprioTests.debug.xcconfig */ = {isa = PBXFileReference; includeInIndex = 1; lastKnownFileType = text.xcconfig; name = "Pods-InterprioTests.debug.xcconfig"; path = "Target Support Files/Pods-InterprioTests/Pods-InterprioTests.debug.xcconfig"; sourceTree = "<group>"; };
		695AE1571982468BD16210CB /* Pods-Interprio-InterprioUITests.release.xcconfig */ = {isa = PBXFileReference; includeInIndex = 1; lastKnownFileType = text.xcconfig; name = "Pods-Interprio-InterprioUITests.release.xcconfig"; path = "Target Support Files/Pods-Interprio-InterprioUITests/Pods-Interprio-InterprioUITests.release.xcconfig"; sourceTree = "<group>"; };
		6BB390D13FD02306B32486CE /* Pods_InterprioTests.framework */ = {isa = PBXFileReference; explicitFileType = wrapper.framework; includeInIndex = 0; path = Pods_InterprioTests.framework; sourceTree = BUILT_PRODUCTS_DIR; };
		B6C6BC9FAED49997E17348CC /* Pods_Interprio_InterprioUITests.framework */ = {isa = PBXFileReference; explicitFileType = wrapper.framework; includeInIndex = 0; path = Pods_Interprio_InterprioUITests.framework; sourceTree = BUILT_PRODUCTS_DIR; };
		C15CA704AEAD242BC50E6741 /* Pods_Interprio.framework */ = {isa = PBXFileReference; explicitFileType = wrapper.framework; includeInIndex = 0; path = Pods_Interprio.framework; sourceTree = BUILT_PRODUCTS_DIR; };
		D03E7B7F5D0B88A3DC673C22 /* Pods_Interprio.framework */ = {isa = PBXFileReference; explicitFileType = wrapper.framework; includeInIndex = 0; path = Pods_Interprio.framework; sourceTree = BUILT_PRODUCTS_DIR; };
		D604024134B8BEBBB90E6381 /* Pods-Interprio.release.xcconfig */ = {isa = PBXFileReference; includeInIndex = 1; lastKnownFileType = text.xcconfig; name = "Pods-Interprio.release.xcconfig"; path = "Target Support Files/Pods-Interprio/Pods-Interprio.release.xcconfig"; sourceTree = "<group>"; };
/* End PBXFileReference section */

/* Begin PBXFrameworksBuildPhase section */
		4207543F24311B3700C233E7 /* Frameworks */ = {
			isa = PBXFrameworksBuildPhase;
			buildActionMask = 2147483647;
			files = (
				E1C7EAB1AC428A005120E1EB /* Pods_Interprio.framework in Frameworks */,
			);
			runOnlyForDeploymentPostprocessing = 0;
		};
		4207545524311B4100C233E7 /* Frameworks */ = {
			isa = PBXFrameworksBuildPhase;
			buildActionMask = 2147483647;
			files = (
				B60A1811C67381139BAFD76F /* Pods_InterprioTests.framework in Frameworks */,
			);
			runOnlyForDeploymentPostprocessing = 0;
		};
		4207546024311B4100C233E7 /* Frameworks */ = {
			isa = PBXFrameworksBuildPhase;
			buildActionMask = 2147483647;
			files = (
				F77ED374BEBB4EF076253390 /* Pods_Interprio_InterprioUITests.framework in Frameworks */,
			);
			runOnlyForDeploymentPostprocessing = 0;
		};
/* End PBXFrameworksBuildPhase section */

/* Begin PBXGroup section */
		10DC78DD36914E2D2F626E74 /* Pods */ = {
			isa = PBXGroup;
			children = (
				5F656EA7D6790014F738D0F5 /* Pods-Interprio.debug.xcconfig */,
				D604024134B8BEBBB90E6381 /* Pods-Interprio.release.xcconfig */,
				51DA2BF4998E948DA5BD731F /* Pods-Interprio-InterprioUITests.debug.xcconfig */,
				695AE1571982468BD16210CB /* Pods-Interprio-InterprioUITests.release.xcconfig */,
				654B9B56F86739C1132A93E3 /* Pods-InterprioTests.debug.xcconfig */,
				5ECEEA6FE1CEE1316ABE3BD9 /* Pods-InterprioTests.release.xcconfig */,
			);
			path = Pods;
			sourceTree = "<group>";
		};
		4207543924311B3700C233E7 = {
			isa = PBXGroup;
			children = (
				4207544424311B3800C233E7 /* Interprio */,
				4207545B24311B4100C233E7 /* InterprioTests */,
				4207546624311B4100C233E7 /* InterprioUITests */,
				4207544324311B3800C233E7 /* Products */,
				10DC78DD36914E2D2F626E74 /* Pods */,
				87C2D482498FFE052BC56DF5 /* Frameworks */,
				428E8D12244969B2004B92F4 /* Recovered References */,
			);
			sourceTree = "<group>";
		};
		4207544324311B3800C233E7 /* Products */ = {
			isa = PBXGroup;
			children = (
				4207544224311B3800C233E7 /* Interprio.app */,
				4207545824311B4100C233E7 /* InterprioTests.xctest */,
				4207546324311B4100C233E7 /* InterprioUITests.xctest */,
			);
			name = Products;
			sourceTree = "<group>";
		};
		4207544424311B3800C233E7 /* Interprio */ = {
			isa = PBXGroup;
			children = (
				4207544524311B3800C233E7 /* AppDelegate.swift */,
				4207544724311B3800C233E7 /* SceneDelegate.swift */,
				4207544B24311B3800C233E7 /* Main.storyboard */,
				4207544E24311B4100C233E7 /* Assets.xcassets */,
				4207545024311B4100C233E7 /* LaunchScreen.storyboard */,
				4207545324311B4100C233E7 /* Info.plist */,
				42453DD424323E680047CC19 /* LoginViewController.swift */,
				42453DD624323E860047CC19 /* FeedViewController.swift */,
				4277476F2436D0BA00B3D232 /* RegisterViewController.swift */,
				427747712436D82700B3D232 /* BookCreateViewController.swift */,
				427747732436DE9A00B3D232 /* ProfileViewController.swift */,
				427747752436E64900B3D232 /* BookViewController.swift */,
				427747772436E83200B3D232 /* PageCreateViewController.swift */,
				42D204D324399226002CDA54 /* BookCollectionViewCell.swift */,
			);
			path = Interprio;
			sourceTree = "<group>";
		};
		4207545B24311B4100C233E7 /* InterprioTests */ = {
			isa = PBXGroup;
			children = (
				4207545C24311B4100C233E7 /* InterprioTests.swift */,
				4207545E24311B4100C233E7 /* Info.plist */,
			);
			path = InterprioTests;
			sourceTree = "<group>";
		};
		4207546624311B4100C233E7 /* InterprioUITests */ = {
			isa = PBXGroup;
			children = (
				4207546724311B4100C233E7 /* InterprioUITests.swift */,
				4207546924311B4100C233E7 /* Info.plist */,
			);
			path = InterprioUITests;
			sourceTree = "<group>";
		};
		428E8D12244969B2004B92F4 /* Recovered References */ = {
			isa = PBXGroup;
			children = (
				C15CA704AEAD242BC50E6741 /* Pods_Interprio.framework */,
			);
			name = "Recovered References";
			sourceTree = "<group>";
		};
		87C2D482498FFE052BC56DF5 /* Frameworks */ = {
			isa = PBXGroup;
			children = (
				428E8D1B24496BAE004B92F4 /* Alamofire.framework */,
				428E8D1724496B6A004B92F4 /* Alamofire.framework */,
				42FAF89C2444C36B00382653 /* AlamofireImage.framework */,
				42FAF8992444C36600382653 /* Alamofire.framework */,
				D03E7B7F5D0B88A3DC673C22 /* Pods_Interprio.framework */,
				B6C6BC9FAED49997E17348CC /* Pods_Interprio_InterprioUITests.framework */,
				6BB390D13FD02306B32486CE /* Pods_InterprioTests.framework */,
			);
			name = Frameworks;
			sourceTree = "<group>";
		};
/* End PBXGroup section */

/* Begin PBXNativeTarget section */
		4207544124311B3700C233E7 /* Interprio */ = {
			isa = PBXNativeTarget;
			buildConfigurationList = 4207546C24311B4100C233E7 /* Build configuration list for PBXNativeTarget "Interprio" */;
			buildPhases = (
				A8CAC137E95F0BF31228CDF7 /* [CP] Check Pods Manifest.lock */,
				4207543E24311B3700C233E7 /* Sources */,
				4207543F24311B3700C233E7 /* Frameworks */,
				4207544024311B3700C233E7 /* Resources */,
				42FAF8932444C25F00382653 /* Embed Frameworks */,
				384E96989B5F4943C5DF6F52 /* [CP] Embed Pods Frameworks */,
			);
			buildRules = (
			);
			dependencies = (
			);
			name = Interprio;
			packageProductDependencies = (
			);
			productName = Interprio;
			productReference = 4207544224311B3800C233E7 /* Interprio.app */;
			productType = "com.apple.product-type.application";
		};
		4207545724311B4100C233E7 /* InterprioTests */ = {
			isa = PBXNativeTarget;
			buildConfigurationList = 4207546F24311B4100C233E7 /* Build configuration list for PBXNativeTarget "InterprioTests" */;
			buildPhases = (
				1FA0FFC19648565A76C1EB30 /* [CP] Check Pods Manifest.lock */,
				4207545424311B4100C233E7 /* Sources */,
				4207545524311B4100C233E7 /* Frameworks */,
				4207545624311B4100C233E7 /* Resources */,
			);
			buildRules = (
			);
			dependencies = (
				4207545A24311B4100C233E7 /* PBXTargetDependency */,
			);
			name = InterprioTests;
			productName = InterprioTests;
			productReference = 4207545824311B4100C233E7 /* InterprioTests.xctest */;
			productType = "com.apple.product-type.bundle.unit-test";
		};
		4207546224311B4100C233E7 /* InterprioUITests */ = {
			isa = PBXNativeTarget;
			buildConfigurationList = 4207547224311B4100C233E7 /* Build configuration list for PBXNativeTarget "InterprioUITests" */;
			buildPhases = (
				48A768EEEF61FEAFE1D6A440 /* [CP] Check Pods Manifest.lock */,
				4207545F24311B4100C233E7 /* Sources */,
				4207546024311B4100C233E7 /* Frameworks */,
				4207546124311B4100C233E7 /* Resources */,
				65CB4276967CC73AC964D16F /* [CP] Embed Pods Frameworks */,
			);
			buildRules = (
			);
			dependencies = (
				4207546524311B4100C233E7 /* PBXTargetDependency */,
			);
			name = InterprioUITests;
			productName = InterprioUITests;
			productReference = 4207546324311B4100C233E7 /* InterprioUITests.xctest */;
			productType = "com.apple.product-type.bundle.ui-testing";
		};
/* End PBXNativeTarget section */

/* Begin PBXProject section */
		4207543A24311B3700C233E7 /* Project object */ = {
			isa = PBXProject;
			attributes = {
				LastSwiftUpdateCheck = 1130;
				LastUpgradeCheck = 1130;
				ORGANIZATIONNAME = Interprio;
				TargetAttributes = {
					4207544124311B3700C233E7 = {
						CreatedOnToolsVersion = 11.3.1;
					};
					4207545724311B4100C233E7 = {
						CreatedOnToolsVersion = 11.3.1;
						TestTargetID = 4207544124311B3700C233E7;
					};
					4207546224311B4100C233E7 = {
						CreatedOnToolsVersion = 11.3.1;
						TestTargetID = 4207544124311B3700C233E7;
					};
				};
			};
			buildConfigurationList = 4207543D24311B3700C233E7 /* Build configuration list for PBXProject "Interprio" */;
			compatibilityVersion = "Xcode 9.3";
			developmentRegion = en;
			hasScannedForEncodings = 0;
			knownRegions = (
				en,
				Base,
			);
			mainGroup = 4207543924311B3700C233E7;
			packageReferences = (
			);
			productRefGroup = 4207544324311B3800C233E7 /* Products */;
			projectDirPath = "";
			projectRoot = "";
			targets = (
				4207544124311B3700C233E7 /* Interprio */,
				4207545724311B4100C233E7 /* InterprioTests */,
				4207546224311B4100C233E7 /* InterprioUITests */,
			);
		};
/* End PBXProject section */

/* Begin PBXResourcesBuildPhase section */
		4207544024311B3700C233E7 /* Resources */ = {
			isa = PBXResourcesBuildPhase;
			buildActionMask = 2147483647;
			files = (
				4207545224311B4100C233E7 /* LaunchScreen.storyboard in Resources */,
				4207544F24311B4100C233E7 /* Assets.xcassets in Resources */,
				4207544D24311B3800C233E7 /* Main.storyboard in Resources */,
			);
			runOnlyForDeploymentPostprocessing = 0;
		};
		4207545624311B4100C233E7 /* Resources */ = {
			isa = PBXResourcesBuildPhase;
			buildActionMask = 2147483647;
			files = (
			);
			runOnlyForDeploymentPostprocessing = 0;
		};
		4207546124311B4100C233E7 /* Resources */ = {
			isa = PBXResourcesBuildPhase;
			buildActionMask = 2147483647;
			files = (
			);
			runOnlyForDeploymentPostprocessing = 0;
		};
/* End PBXResourcesBuildPhase section */

/* Begin PBXShellScriptBuildPhase section */
		1FA0FFC19648565A76C1EB30 /* [CP] Check Pods Manifest.lock */ = {
			isa = PBXShellScriptBuildPhase;
			buildActionMask = 2147483647;
			files = (
			);
			inputFileListPaths = (
			);
			inputPaths = (
				"${PODS_PODFILE_DIR_PATH}/Podfile.lock",
				"${PODS_ROOT}/Manifest.lock",
			);
			name = "[CP] Check Pods Manifest.lock";
			outputFileListPaths = (
			);
			outputPaths = (
				"$(DERIVED_FILE_DIR)/Pods-InterprioTests-checkManifestLockResult.txt",
			);
			runOnlyForDeploymentPostprocessing = 0;
			shellPath = /bin/sh;
			shellScript = "diff \"${PODS_PODFILE_DIR_PATH}/Podfile.lock\" \"${PODS_ROOT}/Manifest.lock\" > /dev/null\nif [ $? != 0 ] ; then\n    # print error to STDERR\n    echo \"error: The sandbox is not in sync with the Podfile.lock. Run 'pod install' or update your CocoaPods installation.\" >&2\n    exit 1\nfi\n# This output is used by Xcode 'outputs' to avoid re-running this script phase.\necho \"SUCCESS\" > \"${SCRIPT_OUTPUT_FILE_0}\"\n";
			showEnvVarsInLog = 0;
		};
		384E96989B5F4943C5DF6F52 /* [CP] Embed Pods Frameworks */ = {
			isa = PBXShellScriptBuildPhase;
			buildActionMask = 2147483647;
			files = (
			);
			inputFileListPaths = (
				"${PODS_ROOT}/Target Support Files/Pods-Interprio/Pods-Interprio-frameworks-${CONFIGURATION}-input-files.xcfilelist",
			);
			name = "[CP] Embed Pods Frameworks";
			outputFileListPaths = (
				"${PODS_ROOT}/Target Support Files/Pods-Interprio/Pods-Interprio-frameworks-${CONFIGURATION}-output-files.xcfilelist",
			);
			runOnlyForDeploymentPostprocessing = 0;
			shellPath = /bin/sh;
			shellScript = "\"${PODS_ROOT}/Target Support Files/Pods-Interprio/Pods-Interprio-frameworks.sh\"\n";
			showEnvVarsInLog = 0;
		};
		48A768EEEF61FEAFE1D6A440 /* [CP] Check Pods Manifest.lock */ = {
			isa = PBXShellScriptBuildPhase;
			buildActionMask = 2147483647;
			files = (
			);
			inputFileListPaths = (
			);
			inputPaths = (
				"${PODS_PODFILE_DIR_PATH}/Podfile.lock",
				"${PODS_ROOT}/Manifest.lock",
			);
			name = "[CP] Check Pods Manifest.lock";
			outputFileListPaths = (
			);
			outputPaths = (
				"$(DERIVED_FILE_DIR)/Pods-Interprio-InterprioUITests-checkManifestLockResult.txt",
			);
			runOnlyForDeploymentPostprocessing = 0;
			shellPath = /bin/sh;
			shellScript = "diff \"${PODS_PODFILE_DIR_PATH}/Podfile.lock\" \"${PODS_ROOT}/Manifest.lock\" > /dev/null\nif [ $? != 0 ] ; then\n    # print error to STDERR\n    echo \"error: The sandbox is not in sync with the Podfile.lock. Run 'pod install' or update your CocoaPods installation.\" >&2\n    exit 1\nfi\n# This output is used by Xcode 'outputs' to avoid re-running this script phase.\necho \"SUCCESS\" > \"${SCRIPT_OUTPUT_FILE_0}\"\n";
			showEnvVarsInLog = 0;
		};
		65CB4276967CC73AC964D16F /* [CP] Embed Pods Frameworks */ = {
			isa = PBXShellScriptBuildPhase;
			buildActionMask = 2147483647;
			files = (
			);
			inputFileListPaths = (
				"${PODS_ROOT}/Target Support Files/Pods-Interprio-InterprioUITests/Pods-Interprio-InterprioUITests-frameworks-${CONFIGURATION}-input-files.xcfilelist",
			);
			name = "[CP] Embed Pods Frameworks";
			outputFileListPaths = (
				"${PODS_ROOT}/Target Support Files/Pods-Interprio-InterprioUITests/Pods-Interprio-InterprioUITests-frameworks-${CONFIGURATION}-output-files.xcfilelist",
			);
			runOnlyForDeploymentPostprocessing = 0;
			shellPath = /bin/sh;
			shellScript = "\"${PODS_ROOT}/Target Support Files/Pods-Interprio-InterprioUITests/Pods-Interprio-InterprioUITests-frameworks.sh\"\n";
			showEnvVarsInLog = 0;
		};
		A8CAC137E95F0BF31228CDF7 /* [CP] Check Pods Manifest.lock */ = {
			isa = PBXShellScriptBuildPhase;
			buildActionMask = 2147483647;
			files = (
			);
			inputFileListPaths = (
			);
			inputPaths = (
				"${PODS_PODFILE_DIR_PATH}/Podfile.lock",
				"${PODS_ROOT}/Manifest.lock",
			);
			name = "[CP] Check Pods Manifest.lock";
			outputFileListPaths = (
			);
			outputPaths = (
				"$(DERIVED_FILE_DIR)/Pods-Interprio-checkManifestLockResult.txt",
			);
			runOnlyForDeploymentPostprocessing = 0;
			shellPath = /bin/sh;
			shellScript = "diff \"${PODS_PODFILE_DIR_PATH}/Podfile.lock\" \"${PODS_ROOT}/Manifest.lock\" > /dev/null\nif [ $? != 0 ] ; then\n    # print error to STDERR\n    echo \"error: The sandbox is not in sync with the Podfile.lock. Run 'pod install' or update your CocoaPods installation.\" >&2\n    exit 1\nfi\n# This output is used by Xcode 'outputs' to avoid re-running this script phase.\necho \"SUCCESS\" > \"${SCRIPT_OUTPUT_FILE_0}\"\n";
			showEnvVarsInLog = 0;
		};
/* End PBXShellScriptBuildPhase section */

/* Begin PBXSourcesBuildPhase section */
		4207543E24311B3700C233E7 /* Sources */ = {
			isa = PBXSourcesBuildPhase;
			buildActionMask = 2147483647;
			files = (
				427747782436E83200B3D232 /* PageCreateViewController.swift in Sources */,
				42453DD524323E680047CC19 /* LoginViewController.swift in Sources */,
				427747722436D82700B3D232 /* BookCreateViewController.swift in Sources */,
				42D204D424399226002CDA54 /* BookCollectionViewCell.swift in Sources */,
				427747702436D0BA00B3D232 /* RegisterViewController.swift in Sources */,
				4207544624311B3800C233E7 /* AppDelegate.swift in Sources */,
				427747742436DE9A00B3D232 /* ProfileViewController.swift in Sources */,
				427747762436E64900B3D232 /* BookViewController.swift in Sources */,
				42453DD724323E860047CC19 /* FeedViewController.swift in Sources */,
				4207544824311B3800C233E7 /* SceneDelegate.swift in Sources */,
			);
			runOnlyForDeploymentPostprocessing = 0;
		};
		4207545424311B4100C233E7 /* Sources */ = {
			isa = PBXSourcesBuildPhase;
			buildActionMask = 2147483647;
			files = (
				4207545D24311B4100C233E7 /* InterprioTests.swift in Sources */,
			);
			runOnlyForDeploymentPostprocessing = 0;
		};
		4207545F24311B4100C233E7 /* Sources */ = {
			isa = PBXSourcesBuildPhase;
			buildActionMask = 2147483647;
			files = (
				4207546824311B4100C233E7 /* InterprioUITests.swift in Sources */,
			);
			runOnlyForDeploymentPostprocessing = 0;
		};
/* End PBXSourcesBuildPhase section */

/* Begin PBXTargetDependency section */
		4207545A24311B4100C233E7 /* PBXTargetDependency */ = {
			isa = PBXTargetDependency;
			target = 4207544124311B3700C233E7 /* Interprio */;
			targetProxy = 4207545924311B4100C233E7 /* PBXContainerItemProxy */;
		};
		4207546524311B4100C233E7 /* PBXTargetDependency */ = {
			isa = PBXTargetDependency;
			target = 4207544124311B3700C233E7 /* Interprio */;
			targetProxy = 4207546424311B4100C233E7 /* PBXContainerItemProxy */;
		};
/* End PBXTargetDependency section */

/* Begin PBXVariantGroup section */
		4207544B24311B3800C233E7 /* Main.storyboard */ = {
			isa = PBXVariantGroup;
			children = (
				4207544C24311B3800C233E7 /* Base */,
			);
			name = Main.storyboard;
			sourceTree = "<group>";
		};
		4207545024311B4100C233E7 /* LaunchScreen.storyboard */ = {
			isa = PBXVariantGroup;
			children = (
				4207545124311B4100C233E7 /* Base */,
			);
			name = LaunchScreen.storyboard;
			sourceTree = "<group>";
		};
/* End PBXVariantGroup section */

/* Begin XCBuildConfiguration section */
		4207546A24311B4100C233E7 /* Debug */ = {
			isa = XCBuildConfiguration;
			buildSettings = {
				ALWAYS_SEARCH_USER_PATHS = NO;
				CLANG_ANALYZER_NONNULL = YES;
				CLANG_ANALYZER_NUMBER_OBJECT_CONVERSION = YES_AGGRESSIVE;
				CLANG_CXX_LANGUAGE_STANDARD = "gnu++14";
				CLANG_CXX_LIBRARY = "libc++";
				CLANG_ENABLE_MODULES = YES;
				CLANG_ENABLE_OBJC_ARC = YES;
				CLANG_ENABLE_OBJC_WEAK = YES;
				CLANG_WARN_BLOCK_CAPTURE_AUTORELEASING = YES;
				CLANG_WARN_BOOL_CONVERSION = YES;
				CLANG_WARN_COMMA = YES;
				CLANG_WARN_CONSTANT_CONVERSION = YES;
				CLANG_WARN_DEPRECATED_OBJC_IMPLEMENTATIONS = YES;
				CLANG_WARN_DIRECT_OBJC_ISA_USAGE = YES_ERROR;
				CLANG_WARN_DOCUMENTATION_COMMENTS = YES;
				CLANG_WARN_EMPTY_BODY = YES;
				CLANG_WARN_ENUM_CONVERSION = YES;
				CLANG_WARN_INFINITE_RECURSION = YES;
				CLANG_WARN_INT_CONVERSION = YES;
				CLANG_WARN_NON_LITERAL_NULL_CONVERSION = YES;
				CLANG_WARN_OBJC_IMPLICIT_RETAIN_SELF = YES;
				CLANG_WARN_OBJC_LITERAL_CONVERSION = YES;
				CLANG_WARN_OBJC_ROOT_CLASS = YES_ERROR;
				CLANG_WARN_RANGE_LOOP_ANALYSIS = YES;
				CLANG_WARN_STRICT_PROTOTYPES = YES;
				CLANG_WARN_SUSPICIOUS_MOVE = YES;
				CLANG_WARN_UNGUARDED_AVAILABILITY = YES_AGGRESSIVE;
				CLANG_WARN_UNREACHABLE_CODE = YES;
				CLANG_WARN__DUPLICATE_METHOD_MATCH = YES;
				COPY_PHASE_STRIP = NO;
				DEBUG_INFORMATION_FORMAT = dwarf;
				ENABLE_STRICT_OBJC_MSGSEND = YES;
				ENABLE_TESTABILITY = YES;
				GCC_C_LANGUAGE_STANDARD = gnu11;
				GCC_DYNAMIC_NO_PIC = NO;
				GCC_NO_COMMON_BLOCKS = YES;
				GCC_OPTIMIZATION_LEVEL = 0;
				GCC_PREPROCESSOR_DEFINITIONS = (
					"DEBUG=1",
					"$(inherited)",
				);
				GCC_WARN_64_TO_32_BIT_CONVERSION = YES;
				GCC_WARN_ABOUT_RETURN_TYPE = YES_ERROR;
				GCC_WARN_UNDECLARED_SELECTOR = YES;
				GCC_WARN_UNINITIALIZED_AUTOS = YES_AGGRESSIVE;
				GCC_WARN_UNUSED_FUNCTION = YES;
				GCC_WARN_UNUSED_VARIABLE = YES;
				IPHONEOS_DEPLOYMENT_TARGET = 13.2;
				MTL_ENABLE_DEBUG_INFO = INCLUDE_SOURCE;
				MTL_FAST_MATH = YES;
				ONLY_ACTIVE_ARCH = YES;
				SDKROOT = iphoneos;
				SWIFT_ACTIVE_COMPILATION_CONDITIONS = DEBUG;
				SWIFT_OPTIMIZATION_LEVEL = "-Onone";
			};
			name = Debug;
		};
		4207546B24311B4100C233E7 /* Release */ = {
			isa = XCBuildConfiguration;
			buildSettings = {
				ALWAYS_SEARCH_USER_PATHS = NO;
				CLANG_ANALYZER_NONNULL = YES;
				CLANG_ANALYZER_NUMBER_OBJECT_CONVERSION = YES_AGGRESSIVE;
				CLANG_CXX_LANGUAGE_STANDARD = "gnu++14";
				CLANG_CXX_LIBRARY = "libc++";
				CLANG_ENABLE_MODULES = YES;
				CLANG_ENABLE_OBJC_ARC = YES;
				CLANG_ENABLE_OBJC_WEAK = YES;
				CLANG_WARN_BLOCK_CAPTURE_AUTORELEASING = YES;
				CLANG_WARN_BOOL_CONVERSION = YES;
				CLANG_WARN_COMMA = YES;
				CLANG_WARN_CONSTANT_CONVERSION = YES;
				CLANG_WARN_DEPRECATED_OBJC_IMPLEMENTATIONS = YES;
				CLANG_WARN_DIRECT_OBJC_ISA_USAGE = YES_ERROR;
				CLANG_WARN_DOCUMENTATION_COMMENTS = YES;
				CLANG_WARN_EMPTY_BODY = YES;
				CLANG_WARN_ENUM_CONVERSION = YES;
				CLANG_WARN_INFINITE_RECURSION = YES;
				CLANG_WARN_INT_CONVERSION = YES;
				CLANG_WARN_NON_LITERAL_NULL_CONVERSION = YES;
				CLANG_WARN_OBJC_IMPLICIT_RETAIN_SELF = YES;
				CLANG_WARN_OBJC_LITERAL_CONVERSION = YES;
				CLANG_WARN_OBJC_ROOT_CLASS = YES_ERROR;
				CLANG_WARN_RANGE_LOOP_ANALYSIS = YES;
				CLANG_WARN_STRICT_PROTOTYPES = YES;
				CLANG_WARN_SUSPICIOUS_MOVE = YES;
				CLANG_WARN_UNGUARDED_AVAILABILITY = YES_AGGRESSIVE;
				CLANG_WARN_UNREACHABLE_CODE = YES;
				CLANG_WARN__DUPLICATE_METHOD_MATCH = YES;
				COPY_PHASE_STRIP = NO;
				DEBUG_INFORMATION_FORMAT = "dwarf-with-dsym";
				ENABLE_NS_ASSERTIONS = NO;
				ENABLE_STRICT_OBJC_MSGSEND = YES;
				GCC_C_LANGUAGE_STANDARD = gnu11;
				GCC_NO_COMMON_BLOCKS = YES;
				GCC_WARN_64_TO_32_BIT_CONVERSION = YES;
				GCC_WARN_ABOUT_RETURN_TYPE = YES_ERROR;
				GCC_WARN_UNDECLARED_SELECTOR = YES;
				GCC_WARN_UNINITIALIZED_AUTOS = YES_AGGRESSIVE;
				GCC_WARN_UNUSED_FUNCTION = YES;
				GCC_WARN_UNUSED_VARIABLE = YES;
				IPHONEOS_DEPLOYMENT_TARGET = 13.2;
				MTL_ENABLE_DEBUG_INFO = NO;
				MTL_FAST_MATH = YES;
				SDKROOT = iphoneos;
				SWIFT_COMPILATION_MODE = wholemodule;
				SWIFT_OPTIMIZATION_LEVEL = "-O";
				VALIDATE_PRODUCT = YES;
			};
			name = Release;
		};
		4207546D24311B4100C233E7 /* Debug */ = {
			isa = XCBuildConfiguration;
			baseConfigurationReference = 5F656EA7D6790014F738D0F5 /* Pods-Interprio.debug.xcconfig */;
			buildSettings = {
				ASSETCATALOG_COMPILER_APPICON_NAME = AppIcon;
				CODE_SIGN_STYLE = Automatic;
				DEVELOPMENT_TEAM = H4APYM2VAB;
				INFOPLIST_FILE = Interprio/Info.plist;
				LD_RUNPATH_SEARCH_PATHS = (
					"$(inherited)",
					"@executable_path/Frameworks",
				);
				PRODUCT_BUNDLE_IDENTIFIER = com.samuelelbaz.Interprio;
				PRODUCT_NAME = "$(TARGET_NAME)";
				SWIFT_VERSION = 5.0;
				TARGETED_DEVICE_FAMILY = "1,2";
			};
			name = Debug;
		};
		4207546E24311B4100C233E7 /* Release */ = {
			isa = XCBuildConfiguration;
			baseConfigurationReference = D604024134B8BEBBB90E6381 /* Pods-Interprio.release.xcconfig */;
			buildSettings = {
				ASSETCATALOG_COMPILER_APPICON_NAME = AppIcon;
				CODE_SIGN_STYLE = Automatic;
				DEVELOPMENT_TEAM = H4APYM2VAB;
				INFOPLIST_FILE = Interprio/Info.plist;
				LD_RUNPATH_SEARCH_PATHS = (
					"$(inherited)",
					"@executable_path/Frameworks",
				);
				PRODUCT_BUNDLE_IDENTIFIER = com.samuelelbaz.Interprio;
				PRODUCT_NAME = "$(TARGET_NAME)";
				SWIFT_VERSION = 5.0;
				TARGETED_DEVICE_FAMILY = "1,2";
			};
			name = Release;
		};
		4207547024311B4100C233E7 /* Debug */ = {
			isa = XCBuildConfiguration;
			baseConfigurationReference = 654B9B56F86739C1132A93E3 /* Pods-InterprioTests.debug.xcconfig */;
			buildSettings = {
				ALWAYS_EMBED_SWIFT_STANDARD_LIBRARIES = YES;
				BUNDLE_LOADER = "$(TEST_HOST)";
				CODE_SIGN_STYLE = Automatic;
				DEVELOPMENT_TEAM = H4APYM2VAB;
				INFOPLIST_FILE = InterprioTests/Info.plist;
				IPHONEOS_DEPLOYMENT_TARGET = 13.2;
				LD_RUNPATH_SEARCH_PATHS = (
					"$(inherited)",
					"@executable_path/Frameworks",
					"@loader_path/Frameworks",
				);
				PRODUCT_BUNDLE_IDENTIFIER = com.samuelelbaz.InterprioTests;
				PRODUCT_NAME = "$(TARGET_NAME)";
				SWIFT_VERSION = 5.0;
				TARGETED_DEVICE_FAMILY = "1,2";
				TEST_HOST = "$(BUILT_PRODUCTS_DIR)/Interprio.app/Interprio";
			};
			name = Debug;
		};
		4207547124311B4100C233E7 /* Release */ = {
			isa = XCBuildConfiguration;
			baseConfigurationReference = 5ECEEA6FE1CEE1316ABE3BD9 /* Pods-InterprioTests.release.xcconfig */;
			buildSettings = {
				ALWAYS_EMBED_SWIFT_STANDARD_LIBRARIES = YES;
				BUNDLE_LOADER = "$(TEST_HOST)";
				CODE_SIGN_STYLE = Automatic;
				DEVELOPMENT_TEAM = H4APYM2VAB;
				INFOPLIST_FILE = InterprioTests/Info.plist;
				IPHONEOS_DEPLOYMENT_TARGET = 13.2;
				LD_RUNPATH_SEARCH_PATHS = (
					"$(inherited)",
					"@executable_path/Frameworks",
					"@loader_path/Frameworks",
				);
				PRODUCT_BUNDLE_IDENTIFIER = com.samuelelbaz.InterprioTests;
				PRODUCT_NAME = "$(TARGET_NAME)";
				SWIFT_VERSION = 5.0;
				TARGETED_DEVICE_FAMILY = "1,2";
				TEST_HOST = "$(BUILT_PRODUCTS_DIR)/Interprio.app/Interprio";
			};
			name = Release;
		};
		4207547324311B4100C233E7 /* Debug */ = {
			isa = XCBuildConfiguration;
			baseConfigurationReference = 51DA2BF4998E948DA5BD731F /* Pods-Interprio-InterprioUITests.debug.xcconfig */;
			buildSettings = {
				ALWAYS_EMBED_SWIFT_STANDARD_LIBRARIES = YES;
				CODE_SIGN_STYLE = Automatic;
				DEVELOPMENT_TEAM = H4APYM2VAB;
				INFOPLIST_FILE = InterprioUITests/Info.plist;
				LD_RUNPATH_SEARCH_PATHS = (
					"$(inherited)",
					"@executable_path/Frameworks",
					"@loader_path/Frameworks",
				);
				PRODUCT_BUNDLE_IDENTIFIER = com.samuelelbaz.InterprioUITests;
				PRODUCT_NAME = "$(TARGET_NAME)";
				SWIFT_VERSION = 5.0;
				TARGETED_DEVICE_FAMILY = "1,2";
				TEST_TARGET_NAME = Interprio;
			};
			name = Debug;
		};
		4207547424311B4100C233E7 /* Release */ = {
			isa = XCBuildConfiguration;
			baseConfigurationReference = 695AE1571982468BD16210CB /* Pods-Interprio-InterprioUITests.release.xcconfig */;
			buildSettings = {
				ALWAYS_EMBED_SWIFT_STANDARD_LIBRARIES = YES;
				CODE_SIGN_STYLE = Automatic;
				DEVELOPMENT_TEAM = H4APYM2VAB;
				INFOPLIST_FILE = InterprioUITests/Info.plist;
				LD_RUNPATH_SEARCH_PATHS = (
					"$(inherited)",
					"@executable_path/Frameworks",
					"@loader_path/Frameworks",
				);
				PRODUCT_BUNDLE_IDENTIFIER = com.samuelelbaz.InterprioUITests;
				PRODUCT_NAME = "$(TARGET_NAME)";
				SWIFT_VERSION = 5.0;
				TARGETED_DEVICE_FAMILY = "1,2";
				TEST_TARGET_NAME = Interprio;
			};
			name = Release;
		};
/* End XCBuildConfiguration section */

/* Begin XCConfigurationList section */
		4207543D24311B3700C233E7 /* Build configuration list for PBXProject "Interprio" */ = {
			isa = XCConfigurationList;
			buildConfigurations = (
				4207546A24311B4100C233E7 /* Debug */,
				4207546B24311B4100C233E7 /* Release */,
			);
			defaultConfigurationIsVisible = 0;
			defaultConfigurationName = Release;
		};
		4207546C24311B4100C233E7 /* Build configuration list for PBXNativeTarget "Interprio" */ = {
			isa = XCConfigurationList;
			buildConfigurations = (
				4207546D24311B4100C233E7 /* Debug */,
				4207546E24311B4100C233E7 /* Release */,
			);
			defaultConfigurationIsVisible = 0;
			defaultConfigurationName = Release;
		};
		4207546F24311B4100C233E7 /* Build configuration list for PBXNativeTarget "InterprioTests" */ = {
			isa = XCConfigurationList;
			buildConfigurations = (
				4207547024311B4100C233E7 /* Debug */,
				4207547124311B4100C233E7 /* Release */,
			);
			defaultConfigurationIsVisible = 0;
			defaultConfigurationName = Release;
		};
		4207547224311B4100C233E7 /* Build configuration list for PBXNativeTarget "InterprioUITests" */ = {
			isa = XCConfigurationList;
			buildConfigurations = (
				4207547324311B4100C233E7 /* Debug */,
				4207547424311B4100C233E7 /* Release */,
			);
			defaultConfigurationIsVisible = 0;
			defaultConfigurationName = Release;
		};
/* End XCConfigurationList section */
	};
	rootObject = 4207543A24311B3700C233E7 /* Project object */;
}
